
Microsoft Visual Studio Solution File, Format Version 12.00
# Visual Studio Version 17
VisualStudioVersion = 17.5.002.0
MinimumVisualStudioVersion = 10.0.40219.1
Project("{9A19103F-16F7-4668-BE54-9A1E7A4F7556}") = "dotnet_exercicio_1", "dotnet_exercicio_1.csproj", "{84390968-71B2-4036-BF6B-3234077B8099}"
EndProject
Global
	GlobalSection(SolutionConfigurationPlatforms) = preSolution
		Debug|Any CPU = Debug|Any CPU
		Release|Any CPU = Release|Any CPU
	EndGlobalSection
	GlobalSection(ProjectConfigurationPlatforms) = postSolution
		{84390968-71B2-4036-BF6B-3234077B8099}.Debug|Any CPU.ActiveCfg = Debug|Any CPU
		{84390968-71B2-4036-BF6B-3234077B8099}.Debug|Any CPU.Build.0 = Debug|Any CPU
		{84390968-71B2-4036-BF6B-3234077B8099}.Release|Any CPU.ActiveCfg = Release|Any CPU
		{84390968-71B2-4036-BF6B-3234077B8099}.Release|Any CPU.Build.0 = Release|Any CPU
	EndGlobalSection
	GlobalSection(SolutionProperties) = preSolution
		HideSolutionNode = FALSE
	EndGlobalSection
	GlobalSection(ExtensibilityGlobals) = postSolution
		SolutionGuid = {D24C63F9-E1BD-4686-8598-AF938364842F}
	EndGlobalSection
EndGlobal
